<?xml version="1.0" encoding="utf-8"?>
<Project ToolsVersion="4.0" xmlns="http://schemas.microsoft.com/developer/msbuild/2003">
  <ItemGroup>
    <Filter Include="Source Files">
      <UniqueIdentifier>{4FC737F1-C7A5-4376-A066-2A32D752A2FF}</UniqueIdentifier>
      <Extensions>cpp;c;cc;cxx;def;odl;idl;hpj;bat;asm;asmx</Extensions>
    </Filter>
    <Filter Include="Header Files">
      <UniqueIdentifier>{93995380-89BD-4b04-88EB-625FBE52EBFB}</UniqueIdentifier>
      <Extensions>h;hh;hpp;hxx;hm;inl;inc;xsd</Extensions>
    </Filter>
    <Filter Include="Resource Files">
      <UniqueIdentifier>{67DA6AB6-F800-4c08-8B7A-83BB121AAD01}</UniqueIdentifier>
      <Extensions>rc;ico;cur;bmp;dlg;rc2;rct;bin;rgs;gif;jpg;jpeg;jpe;resx;tiff;tif;png;wav;mfcribbon-ms</Extensions>
    </Filter>
  </ItemGroup>
  <ItemGroup>
    <ClCompile Include="ColorBlender.cpp">
      <Filter>Source Files</Filter>
    </ClCompile>
    <ClCompile Include="DisplayList.cpp">
      <Filter>Source Files</Filter>
    </ClCompile>
    <ClCompile Include="FullBufferFunctions.cpp">
      <Filter>Source Files</Filter>
    </ClCompile>
    <ClCompile Include="CommonRenderer.cpp">
      <Filter>Source Files</Filter>
    </ClCompile>
    <ClCompile Include="Colors.cpp">
      <Filter>Source Files</Filter>
    </ClCompile>
    <ClCompile Include="Histogram.cpp">
      <Filter>Source Files</Filter>
    </ClCompile>
    <ClCompile Include="Compositor.cpp">
      <Filter>Source Files</Filter>
    </ClCompile>
    <ClCompile Include="Gradients.cpp">
      <Filter>Source Files</Filter>
    </ClCompile>
    <ClCompile Include="TestImageRenderer.cpp">
      <Filter>Source Files</Filter>
    </ClCompile>
    <ClCompile Include="Channels.cpp">
      <Filter>Source Files</Filter>
    </ClCompile>
    <ClCompile Include="Buffers.cpp">
      <Filter>Source Files</Filter>
    </ClCompile>
    <ClCompile Include="ImageManipulation.cpp">
      <Filter>Source Files</Filter>
    </ClCompile>
    <ClCompile Include="ImageMangling.cpp">
      <Filter>Source Files</Filter>
    </ClCompile>
    <ClCompile Include="Grayscale.cpp">
      <Filter>Source Files</Filter>
    </ClCompile>
    <ClCompile Include="ColorSpaceConverter.cpp">
      <Filter>Source Files</Filter>
    </ClCompile>
    <ClCompile Include="ColorMapping.cpp">
      <Filter>Source Files</Filter>
    </ClCompile>
    <ClCompile Include="Quantization.cpp">
      <Filter>Source Files</Filter>
    </ClCompile>
    <ClCompile Include="Convolution.cpp">
      <Filter>Source Files</Filter>
    </ClCompile>
    <ClCompile Include="Masks.cpp">
      <Filter>Source Files</Filter>
    </ClCompile>
    <ClCompile Include="Infrastructure.cpp">
      <Filter>Source Files</Filter>
    </ClCompile>
    <ClCompile Include="Regional.cpp">
      <Filter>Source Files</Filter>
    </ClCompile>
    <ClCompile Include="Distortion.cpp">
      <Filter>Source Files</Filter>
    </ClCompile>
    <ClCompile Include="Steganography.cpp">
      <Filter>Source Files</Filter>
    </ClCompile>
    <ClCompile Include="Utilities.cpp">
      <Filter>Source Files</Filter>
    </ClCompile>
    <ClCompile Include="Comparitors.cpp">
      <Filter>Source Files</Filter>
    </ClCompile>
    <ClCompile Include="Segment.cpp">
      <Filter>Source Files</Filter>
    </ClCompile>
    <ClCompile Include="DataManipulation.cpp">
      <Filter>Source Files</Filter>
    </ClCompile>
    <ClCompile Include="Kaleidoscopic.cpp">
      <Filter>Source Files</Filter>
    </ClCompile>
    <ClCompile Include="ImageSplitter.cpp">
      <Filter>Source Files</Filter>
    </ClCompile>
    <ClCompile Include="Scaling.cpp">
      <Filter>Source Files</Filter>
    </ClCompile>
    <ClCompile Include="BayerDecoder.cpp">
      <Filter>Source Files</Filter>
    </ClCompile>
    <ClCompile Include="FormatConversion.cpp">
      <Filter>Source Files</Filter>
    </ClCompile>
    <ClCompile Include="Luminance.cpp">
      <Filter>Source Files</Filter>
    </ClCompile>
    <ClCompile Include="HoughTransform.cpp">
      <Filter>Source Files</Filter>
    </ClCompile>
    <ClCompile Include="ConditionalSilhouette.cpp">
      <Filter>Source Files</Filter>
    </ClCompile>
    <ClCompile Include="Dither.cpp">
      <Filter>Source Files</Filter>
    </ClCompile>
    <ClCompile Include="Deinterlace.cpp">
      <Filter>Source Files</Filter>
    </ClCompile>
    <ClCompile Include="Steganography2.cpp">
      <Filter>Source Files</Filter>
    </ClCompile>
    <ClCompile Include="Segments.cpp">
      <Filter>Source Files</Filter>
    </ClCompile>
    <ClCompile Include="Analyze.cpp">
      <Filter>Source Files</Filter>
    </ClCompile>
    <ClCompile Include="Constants.cpp">
      <Filter>Source Files</Filter>
    </ClCompile>
    <ClCompile Include="Stack.cpp">
      <Filter>Source Files</Filter>
    </ClCompile>
    <ClCompile Include="Border.cpp">
      <Filter>Source Files</Filter>
    </ClCompile>
    <ClCompile Include="Cropping.cpp">
      <Filter>Source Files</Filter>
    </ClCompile>
    <ClCompile Include="Render.cpp">
      <Filter>Source Files</Filter>
    </ClCompile>
    <ClCompile Include="Rotations.cpp">
      <Filter>Source Files</Filter>
    </ClCompile>
    <ClCompile Include="HSLAdjustments.cpp">
      <Filter>Source Files</Filter>
    </ClCompile>
    <ClCompile Include="SinglePixels.cpp">
      <Filter>Source Files</Filter>
    </ClCompile>
    <ClCompile Include="SIMD_ChannelAlign.cpp">
      <Filter>Source Files</Filter>
    </ClCompile>
    <ClCompile Include="PixelMath.cpp">
      <Filter>Source Files</Filter>
    </ClCompile>
    <ClCompile Include="Metrics.cpp">
      <Filter>Source Files</Filter>
    </ClCompile>
    <ClCompile Include="HSL.cpp">
      <Filter>Source Files</Filter>
    </ClCompile>
    <ClCompile Include="IsolateHues.cpp">
      <Filter>Source Files</Filter>
    </ClCompile>
  </ItemGroup>
  <ItemGroup>
    <ClInclude Include="ColorBlender.h">
      <Filter>Header Files</Filter>
    </ClInclude>
    <ClInclude Include="Constants.h">
      <Filter>Header Files</Filter>
    </ClInclude>
    <ClInclude Include="Structures.h">
      <Filter>Header Files</Filter>
    </ClInclude>
    <ClInclude Include="Octree.h">
      <Filter>Header Files</Filter>
    </ClInclude>
    <ClInclude Include="Forwards.h">
      <Filter>Header Files</Filter>
    </ClInclude>
    <ClInclude Include="ColorConversions.h">
      <Filter>Header Files</Filter>
    </ClInclude>
    <ClInclude Include="ColorChannels.h">
      <Filter>Header Files</Filter>
    </ClInclude>
    <ClInclude Include="Histogram.h">
      <Filter>Header Files</Filter>
    </ClInclude>
    <ClInclude Include="Generated.h">
      <Filter>Header Files</Filter>
    </ClInclude>
    <ClInclude Include="DisplayList.h">
      <Filter>Header Files</Filter>
    </ClInclude>
    <ClInclude Include="Quantize.h">
      <Filter>Header Files</Filter>
    </ClInclude>
    <ClInclude Include="Distort.h">
      <Filter>Header Files</Filter>
    </ClInclude>
    <ClInclude Include="BufferMath.h">
      <Filter>Header Files</Filter>
    </ClInclude>
    <ClInclude Include="Rendering.h">
      <Filter>Header Files</Filter>
    </ClInclude>
    <ClInclude Include="Filters.h">
      <Filter>Header Files</Filter>
    </ClInclude>
    <ClInclude Include="Buffers.h">
      <Filter>Header Files</Filter>
    </ClInclude>
    <ClInclude Include="Accumulation.h">
      <Filter>Header Files</Filter>
    </ClInclude>
    <ClInclude Include="PublicUtilities.h">
      <Filter>Header Files</Filter>
    </ClInclude>
    <ClInclude Include="Convolution.h">
      <Filter>Header Files</Filter>
    </ClInclude>
    <ClInclude Include="Masks.h">
      <Filter>Header Files</Filter>
    </ClInclude>
    <ClInclude Include="Regional.h">
      <Filter>Header Files</Filter>
    </ClInclude>
    <ClInclude Include="Infrastructure.h">
      <Filter>Header Files</Filter>
    </ClInclude>
    <ClInclude Include="Steganography.h">
      <Filter>Header Files</Filter>
    </ClInclude>
    <ClInclude Include="Utilities.h">
      <Filter>Header Files</Filter>
    </ClInclude>
    <ClInclude Include="Comparitors.h">
      <Filter>Header Files</Filter>
    </ClInclude>
    <ClInclude Include="Segment.h">
      <Filter>Header Files</Filter>
    </ClInclude>
    <ClInclude Include="Kaleidoscopic.h">
      <Filter>Header Files</Filter>
    </ClInclude>
    <ClInclude Include="ImageSplitter.h">
      <Filter>Header Files</Filter>
    </ClInclude>
    <ClInclude Include="Scaling.h">
      <Filter>Header Files</Filter>
    </ClInclude>
    <ClInclude Include="BayerDecoder.h">
      <Filter>Header Files</Filter>
    </ClInclude>
    <ClInclude Include="FormatConversion.h">
      <Filter>Header Files</Filter>
    </ClInclude>
    <ClInclude Include="Luminance.h">
      <Filter>Header Files</Filter>
    </ClInclude>
    <ClInclude Include="HoughTransform.h">
      <Filter>Header Files</Filter>
    </ClInclude>
    <ClInclude Include="ConditionalSilhouette.h">
      <Filter>Header Files</Filter>
    </ClInclude>
    <ClInclude Include="Dither.h">
      <Filter>Header Files</Filter>
    </ClInclude>
    <ClInclude Include="Deinterlace.h">
      <Filter>Header Files</Filter>
    </ClInclude>
    <ClInclude Include="Steganography2.h">
      <Filter>Header Files</Filter>
    </ClInclude>
    <ClInclude Include="Segments.h">
      <Filter>Header Files</Filter>
    </ClInclude>
    <ClInclude Include="Analyze.h">
      <Filter>Header Files</Filter>
    </ClInclude>
    <ClInclude Include="Stack.h">
      <Filter>Header Files</Filter>
    </ClInclude>
    <ClInclude Include="Border.h">
      <Filter>Header Files</Filter>
    </ClInclude>
    <ClInclude Include="Cropping.h">
      <Filter>Header Files</Filter>
    </ClInclude>
    <ClInclude Include="Render.h">
      <Filter>Header Files</Filter>
    </ClInclude>
    <ClInclude Include="Rotations.h">
      <Filter>Header Files</Filter>
    </ClInclude>
    <ClInclude Include="HSLAdjustments.h">
      <Filter>Header Files</Filter>
    </ClInclude>
    <ClInclude Include="SinglePixels.h">
      <Filter>Header Files</Filter>
    </ClInclude>
    <ClInclude Include="SIMD_ChannelAlign.h">
      <Filter>Header Files</Filter>
    </ClInclude>
    <ClInclude Include="PixelMath.h">
      <Filter>Header Files</Filter>
    </ClInclude>
    <ClInclude Include="Metrics.h">
      <Filter>Header Files</Filter>
    </ClInclude>
    <ClInclude Include="HSL.h">
      <Filter>Header Files</Filter>
    </ClInclude>
    <ClInclude Include="IsolateHues.h">
      <Filter>Header Files</Filter>
    </ClInclude>
  </ItemGroup>
</Project>